
Microsoft Visual Studio Solution File, Format Version 12.00
Project("{FAE04EC0-301F-11D3-BF4B-00C04F79EFBC}") = "WebUI", "WebUI\WebUI.csproj", "{C1D7AF79-4C68-49EF-A566-FAC6A72648CC}"
EndProject
Project("{FAE04EC0-301F-11D3-BF4B-00C04F79EFBC}") = "DAL", "DAL\DAL.csproj", "{448E1C51-4C29-42D0-B5BA-A05C78480FB4}"
EndProject
Project("{FAE04EC0-301F-11D3-BF4B-00C04F79EFBC}") = "API", "API\API.csproj", "{14A3E54F-51A7-48AC-AFA8-32A83155A2C7}"
EndProject
Project("{FAE04EC0-301F-11D3-BF4B-00C04F79EFBC}") = "Interfaces", "Interfaces\Interfaces.csproj", "{7A4812DC-9341-418C-9A19-101F12B7D66E}"
EndProject
Project("{FAE04EC0-301F-11D3-BF4B-00C04F79EFBC}") = "Implementations", "Implementations\Implementations.csproj", "{70D882CA-EBAC-4F31-A103-10448E9AB474}"
EndProject
Global
	GlobalSection(SolutionConfigurationPlatforms) = preSolution
		Debug|Any CPU = Debug|Any CPU
		Release|Any CPU = Release|Any CPU
	EndGlobalSection
	GlobalSection(ProjectConfigurationPlatforms) = postSolution
		{C1D7AF79-4C68-49EF-A566-FAC6A72648CC}.Debug|Any CPU.ActiveCfg = Debug|Any CPU
		{C1D7AF79-4C68-49EF-A566-FAC6A72648CC}.Debug|Any CPU.Build.0 = Debug|Any CPU
		{C1D7AF79-4C68-49EF-A566-FAC6A72648CC}.Release|Any CPU.ActiveCfg = Release|Any CPU
		{C1D7AF79-4C68-49EF-A566-FAC6A72648CC}.Release|Any CPU.Build.0 = Release|Any CPU
		{448E1C51-4C29-42D0-B5BA-A05C78480FB4}.Debug|Any CPU.ActiveCfg = Debug|Any CPU
		{448E1C51-4C29-42D0-B5BA-A05C78480FB4}.Debug|Any CPU.Build.0 = Debug|Any CPU
		{448E1C51-4C29-42D0-B5BA-A05C78480FB4}.Release|Any CPU.ActiveCfg = Release|Any CPU
		{448E1C51-4C29-42D0-B5BA-A05C78480FB4}.Release|Any CPU.Build.0 = Release|Any CPU
		{14A3E54F-51A7-48AC-AFA8-32A83155A2C7}.Debug|Any CPU.ActiveCfg = Debug|Any CPU
		{14A3E54F-51A7-48AC-AFA8-32A83155A2C7}.Debug|Any CPU.Build.0 = Debug|Any CPU
		{14A3E54F-51A7-48AC-AFA8-32A83155A2C7}.Release|Any CPU.ActiveCfg = Release|Any CPU
		{14A3E54F-51A7-48AC-AFA8-32A83155A2C7}.Release|Any CPU.Build.0 = Release|Any CPU
		{7A4812DC-9341-418C-9A19-101F12B7D66E}.Debug|Any CPU.ActiveCfg = Debug|Any CPU
		{7A4812DC-9341-418C-9A19-101F12B7D66E}.Debug|Any CPU.Build.0 = Debug|Any CPU
		{7A4812DC-9341-418C-9A19-101F12B7D66E}.Release|Any CPU.ActiveCfg = Release|Any CPU
		{7A4812DC-9341-418C-9A19-101F12B7D66E}.Release|Any CPU.Build.0 = Release|Any CPU
		{70D882CA-EBAC-4F31-A103-10448E9AB474}.Debug|Any CPU.ActiveCfg = Debug|Any CPU
		{70D882CA-EBAC-4F31-A103-10448E9AB474}.Debug|Any CPU.Build.0 = Debug|Any CPU
		{70D882CA-EBAC-4F31-A103-10448E9AB474}.Release|Any CPU.ActiveCfg = Release|Any CPU
		{70D882CA-EBAC-4F31-A103-10448E9AB474}.Release|Any CPU.Build.0 = Release|Any CPU
	EndGlobalSection
EndGlobal
